
Microsoft Visual Studio Solution File, Format Version 12.00
# Visual Studio Version 17
VisualStudioVersion = 17.3.32825.248
MinimumVisualStudioVersion = 10.0.40219.1
Project("{FAE04EC0-301F-11D3-BF4B-00C04F79EFBC}") = "Vdl120Cli", "Vdl120Cli\Vdl120Cli.csproj", "{898A886A-91D1-4569-9933-0FD67D4A68F4}"
EndProject
Project("{FAE04EC0-301F-11D3-BF4B-00C04F79EFBC}") = "Vdl120io", "Vdl120io\Vdl120io.csproj", "{AFD2D192-4627-4B73-8356-6DF0FE38CE44}"
EndProject
Global
	GlobalSection(SolutionConfigurationPlatforms) = preSolution
		Debug|Any CPU = Debug|Any CPU
		Release|Any CPU = Release|Any CPU
	EndGlobalSection
	GlobalSection(ProjectConfigurationPlatforms) = postSolution
		{898A886A-91D1-4569-9933-0FD67D4A68F4}.Debug|Any CPU.ActiveCfg = Debug|Any CPU
		{898A886A-91D1-4569-9933-0FD67D4A68F4}.Debug|Any CPU.Build.0 = Debug|Any CPU
		{898A886A-91D1-4569-9933-0FD67D4A68F4}.Release|Any CPU.ActiveCfg = Release|Any CPU
		{898A886A-91D1-4569-9933-0FD67D4A68F4}.Release|Any CPU.Build.0 = Release|Any CPU
		{AFD2D192-4627-4B73-8356-6DF0FE38CE44}.Debug|Any CPU.ActiveCfg = Debug|Any CPU
		{AFD2D192-4627-4B73-8356-6DF0FE38CE44}.Debug|Any CPU.Build.0 = Debug|Any CPU
		{AFD2D192-4627-4B73-8356-6DF0FE38CE44}.Release|Any CPU.ActiveCfg = Release|Any CPU
		{AFD2D192-4627-4B73-8356-6DF0FE38CE44}.Release|Any CPU.Build.0 = Release|Any CPU
	EndGlobalSection
	GlobalSection(SolutionProperties) = preSolution
		HideSolutionNode = FALSE
	EndGlobalSection
	GlobalSection(ExtensibilityGlobals) = postSolution
		SolutionGuid = {0A8964B5-1809-45C0-892D-00B86C3AD16E}
	EndGlobalSection
EndGlobal
